// !$*UTF8*$!
{
	archiveVersion = 1;
	classes = {
	};
	objectVersion = 50;
	objects = {

/* Begin PBXBuildFile section */
		3638B17522710AFE00D8A582 /* AppDelegate.swift in Sources */ = {isa = PBXBuildFile; fileRef = 3638B17422710AFE00D8A582 /* AppDelegate.swift */; };
		3638B17722710AFE00D8A582 /* ViewController.swift in Sources */ = {isa = PBXBuildFile; fileRef = 3638B17622710AFE00D8A582 /* ViewController.swift */; };
		3638B17A22710AFE00D8A582 /* Main.storyboard in Resources */ = {isa = PBXBuildFile; fileRef = 3638B17822710AFE00D8A582 /* Main.storyboard */; };
		3638B17C22710AFE00D8A582 /* Assets.xcassets in Resources */ = {isa = PBXBuildFile; fileRef = 3638B17B22710AFE00D8A582 /* Assets.xcassets */; };
		3638B17F22710AFE00D8A582 /* LaunchScreen.storyboard in Resources */ = {isa = PBXBuildFile; fileRef = 3638B17D22710AFE00D8A582 /* LaunchScreen.storyboard */; };
		3638B18722710B0C00D8A582 /* Person.swift in Sources */ = {isa = PBXBuildFile; fileRef = 3638B18622710B0C00D8A582 /* Person.swift */; };
		3638B18922710B1100D8A582 /* Sharing.swift in Sources */ = {isa = PBXBuildFile; fileRef = 3638B18822710B1100D8A582 /* Sharing.swift */; };
		3638B18B22710B1600D8A582 /* TrollController.swift in Sources */ = {isa = PBXBuildFile; fileRef = 3638B18A22710B1600D8A582 /* TrollController.swift */; };
/* End PBXBuildFile section */

/* Begin PBXFileReference section */
		3638B17122710AFE00D8A582 /* Trolldrop.app */ = {isa = PBXFileReference; explicitFileType = wrapper.application; includeInIndex = 0; path = Trolldrop.app; sourceTree = BUILT_PRODUCTS_DIR; };
		3638B17422710AFE00D8A582 /* AppDelegate.swift */ = {isa = PBXFileReference; lastKnownFileType = sourcecode.swift; path = AppDelegate.swift; sourceTree = "<group>"; };
		3638B17622710AFE00D8A582 /* ViewController.swift */ = {isa = PBXFileReference; lastKnownFileType = sourcecode.swift; path = ViewController.swift; sourceTree = "<group>"; };
		3638B17922710AFE00D8A582 /* Base */ = {isa = PBXFileReference; lastKnownFileType = file.storyboard; name = Base; path = Base.lproj/Main.storyboard; sourceTree = "<group>"; };
		3638B17B22710AFE00D8A582 /* Assets.xcassets */ = {isa = PBXFileReference; lastKnownFileType = folder.assetcatalog; path = Assets.xcassets; sourceTree = "<group>"; };
		3638B17E22710AFE00D8A582 /* Base */ = {isa = PBXFileReference; lastKnownFileType = file.storyboard; name = Base; path = Base.lproj/LaunchScreen.storyboard; sourceTree = "<group>"; };
		3638B18022710AFE00D8A582 /* Info.plist */ = {isa = PBXFileReference; lastKnownFileType = text.plist.xml; path = Info.plist; sourceTree = "<group>"; };
		3638B18622710B0C00D8A582 /* Person.swift */ = {isa = PBXFileReference; fileEncoding = 4; lastKnownFileType = sourcecode.swift; name = Person.swift; path = ../../Person.swift; sourceTree = "<group>"; };
		3638B18822710B1100D8A582 /* Sharing.swift */ = {isa = PBXFileReference; fileEncoding = 4; lastKnownFileType = sourcecode.swift; name = Sharing.swift; path = ../../Sharing.swift; sourceTree = "<group>"; };
		3638B18A22710B1600D8A582 /* TrollController.swift */ = {isa = PBXFileReference; fileEncoding = 4; lastKnownFileType = sourcecode.swift; name = TrollController.swift; path = ../../TrollController.swift; sourceTree = "<group>"; };
/* End PBXFileReference section */

/* Begin PBXFrameworksBuildPhase section */
		3638B16E22710AFE00D8A582 /* Frameworks */ = {
			isa = PBXFrameworksBuildPhase;
			buildActionMask = 2147483647;
			files = (
			);
			runOnlyForDeploymentPostprocessing = 0;
		};
/* End PBXFrameworksBuildPhase section */

/* Begin PBXGroup section */
		3638B16822710AFE00D8A582 = {
			isa = PBXGroup;
			children = (
				3638B17322710AFE00D8A582 /* Trolldrop */,
				3638B17222710AFE00D8A582 /* Products */,
			);
			sourceTree = "<group>";
		};
		3638B17222710AFE00D8A582 /* Products */ = {
			isa = PBXGroup;
			children = (
				3638B17122710AFE00D8A582 /* Trolldrop.app */,
			);
			name = Products;
			sourceTree = "<group>";
		};
		3638B17322710AFE00D8A582 /* Trolldrop */ = {
			isa = PBXGroup;
			children = (
				3638B17422710AFE00D8A582 /* AppDelegate.swift */,
				3638B17622710AFE00D8A582 /* ViewController.swift */,
				3638B17822710AFE00D8A582 /* Main.storyboard */,
				3638B17B22710AFE00D8A582 /* Assets.xcassets */,
				3638B17D22710AFE00D8A582 /* LaunchScreen.storyboard */,
				3638B18022710AFE00D8A582 /* Info.plist */,
				3638B18622710B0C00D8A582 /* Person.swift */,
				3638B18822710B1100D8A582 /* Sharing.swift */,
				3638B18A22710B1600D8A582 /* TrollController.swift */,
			);
			path = Trolldrop;
			sourceTree = "<group>";
		};
/* End PBXGroup section */

/* Begin PBXNativeTarget section */
		3638B17022710AFE00D8A582 /* Trolldrop */ = {
			isa = PBXNativeTarget;
			buildConfigurationList = 3638B18322710AFE00D8A582 /* Build configuration list for PBXNativeTarget "Trolldrop" */;
			buildPhases = (
				3638B16D22710AFE00D8A582 /* Sources */,
				3638B16E22710AFE00D8A582 /* Frameworks */,
				3638B16F22710AFE00D8A582 /* Resources */,
			);
			buildRules = (
			);
			dependencies = (
			);
			name = Trolldrop;
			productName = Trolldrop;
			productReference = 3638B17122710AFE00D8A582 /* Trolldrop.app */;
			productType = "com.apple.product-type.application";
		};
/* End PBXNativeTarget section */

/* Begin PBXProject section */
		3638B16922710AFE00D8A582 /* Project object */ = {
			isa = PBXProject;
			attributes = {
				LastSwiftUpdateCheck = 0940;
				LastUpgradeCheck = 0940;
				ORGANIZATIONNAME = midnightchips;
				TargetAttributes = {
					3638B17022710AFE00D8A582 = {
						CreatedOnToolsVersion = 9.4;
					};
				};
			};
			buildConfigurationList = 3638B16C22710AFE00D8A582 /* Build configuration list for PBXProject "Trolldrop" */;
			compatibilityVersion = "Xcode 9.3";
			developmentRegion = en;
			hasScannedForEncodings = 0;
			knownRegions = (
				en,
				Base,
			);
			mainGroup = 3638B16822710AFE00D8A582;
			productRefGroup = 3638B17222710AFE00D8A582 /* Products */;
			projectDirPath = "";
			projectRoot = "";
			targets = (
				3638B17022710AFE00D8A582 /* Trolldrop */,
			);
		};
/* End PBXProject section */

/* Begin PBXResourcesBuildPhase section */
		3638B16F22710AFE00D8A582 /* Resources */ = {
			isa = PBXResourcesBuildPhase;
			buildActionMask = 2147483647;
			files = (
				3638B17F22710AFE00D8A582 /* LaunchScreen.storyboard in Resources */,
				3638B17C22710AFE00D8A582 /* Assets.xcassets in Resources */,
				3638B17A22710AFE00D8A582 /* Main.storyboard in Resources */,
			);
			runOnlyForDeploymentPostprocessing = 0;
		};
/* End PBXResourcesBuildPhase section */

/* Begin PBXSourcesBuildPhase section */
		3638B16D22710AFE00D8A582 /* Sources */ = {
			isa = PBXSourcesBuildPhase;
			buildActionMask = 2147483647;
			files = (
				3638B18922710B1100D8A582 /* Sharing.swift in Sources */,
				3638B18B22710B1600D8A582 /* TrollController.swift in Sources */,
				3638B18722710B0C00D8A582 /* Person.swift in Sources */,
				3638B17722710AFE00D8A582 /* ViewController.swift in Sources */,
				3638B17522710AFE00D8A582 /* AppDelegate.swift in Sources */,
			);
			runOnlyForDeploymentPostprocessing = 0;
		};
/* End PBXSourcesBuildPhase section */

/* Begin PBXVariantGroup section */
		3638B17822710AFE00D8A582 /* Main.storyboard */ = {
			isa = PBXVariantGroup;
			children = (
				3638B17922710AFE00D8A582 /* Base */,
			);
			name = Main.storyboard;
			sourceTree = "<group>";
		};
		3638B17D22710AFE00D8A582 /* LaunchScreen.storyboard */ = {
			isa = PBXVariantGroup;
			children = (
				3638B17E22710AFE00D8A582 /* Base */,
			);
			name = LaunchScreen.storyboard;
			sourceTree = "<group>";
		};
/* End PBXVariantGroup section */

/* Begin XCBuildConfiguration section */
		3638B18122710AFE00D8A582 /* Debug */ = {
			isa = XCBuildConfiguration;
			buildSettings = {
				ALWAYS_SEARCH_USER_PATHS = NO;
				CLANG_ANALYZER_NONNULL = YES;
				CLANG_ANALYZER_NUMBER_OBJECT_CONVERSION = YES_AGGRESSIVE;
				CLANG_CXX_LANGUAGE_STANDARD = "gnu++14";
				CLANG_CXX_LIBRARY = "libc++";
				CLANG_ENABLE_MODULES = YES;
				CLANG_ENABLE_OBJC_ARC = YES;
				CLANG_ENABLE_OBJC_WEAK = YES;
				CLANG_WARN_BLOCK_CAPTURE_AUTORELEASING = YES;
				CLANG_WARN_BOOL_CONVERSION = YES;
				CLANG_WARN_COMMA = YES;
				CLANG_WARN_CONSTANT_CONVERSION = YES;
				CLANG_WARN_DEPRECATED_OBJC_IMPLEMENTATIONS = YES;
				CLANG_WARN_DIRECT_OBJC_ISA_USAGE = YES_ERROR;
				CLANG_WARN_DOCUMENTATION_COMMENTS = YES;
				CLANG_WARN_EMPTY_BODY = YES;
				CLANG_WARN_ENUM_CONVERSION = YES;
				CLANG_WARN_INFINITE_RECURSION = YES;
				CLANG_WARN_INT_CONVERSION = YES;
				CLANG_WARN_NON_LITERAL_NULL_CONVERSION = YES;
				CLANG_WARN_OBJC_IMPLICIT_RETAIN_SELF = YES;
				CLANG_WARN_OBJC_LITERAL_CONVERSION = YES;
				CLANG_WARN_OBJC_ROOT_CLASS = YES_ERROR;
				CLANG_WARN_RANGE_LOOP_ANALYSIS = YES;
				CLANG_WARN_STRICT_PROTOTYPES = YES;
				CLANG_WARN_SUSPICIOUS_MOVE = YES;
				CLANG_WARN_UNGUARDED_AVAILABILITY = YES_AGGRESSIVE;
				CLANG_WARN_UNREACHABLE_CODE = YES;
				CLANG_WARN__DUPLICATE_METHOD_MATCH = YES;
				CODE_SIGN_IDENTITY = "iPhone Developer";
				COPY_PHASE_STRIP = NO;
				DEBUG_INFORMATION_FORMAT = dwarf;
				ENABLE_STRICT_OBJC_MSGSEND = YES;
				ENABLE_TESTABILITY = YES;
				GCC_C_LANGUAGE_STANDARD = gnu11;
				GCC_DYNAMIC_NO_PIC = NO;
				GCC_NO_COMMON_BLOCKS = YES;
				GCC_OPTIMIZATION_LEVEL = 0;
				GCC_PREPROCESSOR_DEFINITIONS = (
					"DEBUG=1",
					"$(inherited)",
				);
				GCC_WARN_64_TO_32_BIT_CONVERSION = YES;
				GCC_WARN_ABOUT_RETURN_TYPE = YES_ERROR;
				GCC_WARN_UNDECLARED_SELECTOR = YES;
				GCC_WARN_UNINITIALIZED_AUTOS = YES_AGGRESSIVE;
				GCC_WARN_UNUSED_FUNCTION = YES;
				GCC_WARN_UNUSED_VARIABLE = YES;
				IPHONEOS_DEPLOYMENT_TARGET = 11.4;
				MTL_ENABLE_DEBUG_INFO = YES;
				ONLY_ACTIVE_ARCH = YES;
				SDKROOT = iphoneos;
				SWIFT_ACTIVE_COMPILATION_CONDITIONS = DEBUG;
				SWIFT_OPTIMIZATION_LEVEL = "-Onone";
			};
			name = Debug;
		};
		3638B18222710AFE00D8A582 /* Release */ = {
			isa = XCBuildConfiguration;
			buildSettings = {
				ALWAYS_SEARCH_USER_PATHS = NO;
				CLANG_ANALYZER_NONNULL = YES;
				CLANG_ANALYZER_NUMBER_OBJECT_CONVERSION = YES_AGGRESSIVE;
				CLANG_CXX_LANGUAGE_STANDARD = "gnu++14";
				CLANG_CXX_LIBRARY = "libc++";
				CLANG_ENABLE_MODULES = YES;
				CLANG_ENABLE_OBJC_ARC = YES;
				CLANG_ENABLE_OBJC_WEAK = YES;
				CLANG_WARN_BLOCK_CAPTURE_AUTORELEASING = YES;
				CLANG_WARN_BOOL_CONVERSION = YES;
				CLANG_WARN_COMMA = YES;
				CLANG_WARN_CONSTANT_CONVERSION = YES;
				CLANG_WARN_DEPRECATED_OBJC_IMPLEMENTATIONS = YES;
				CLANG_WARN_DIRECT_OBJC_ISA_USAGE = YES_ERROR;
				CLANG_WARN_DOCUMENTATION_COMMENTS = YES;
				CLANG_WARN_EMPTY_BODY = YES;
				CLANG_WARN_ENUM_CONVERSION = YES;
				CLANG_WARN_INFINITE_RECURSION = YES;
				CLANG_WARN_INT_CONVERSION = YES;
				CLANG_WARN_NON_LITERAL_NULL_CONVERSION = YES;
				CLANG_WARN_OBJC_IMPLICIT_RETAIN_SELF = YES;
				CLANG_WARN_OBJC_LITERAL_CONVERSION = YES;
				CLANG_WARN_OBJC_ROOT_CLASS = YES_ERROR;
				CLANG_WARN_RANGE_LOOP_ANALYSIS = YES;
				CLANG_WARN_STRICT_PROTOTYPES = YES;
				CLANG_WARN_SUSPICIOUS_MOVE = YES;
				CLANG_WARN_UNGUARDED_AVAILABILITY = YES_AGGRESSIVE;
				CLANG_WARN_UNREACHABLE_CODE = YES;
				CLANG_WARN__DUPLICATE_METHOD_MATCH = YES;
				CODE_SIGN_IDENTITY = "iPhone Developer";
				COPY_PHASE_STRIP = NO;
				DEBUG_INFORMATION_FORMAT = "dwarf-with-dsym";
				ENABLE_NS_ASSERTIONS = NO;
				ENABLE_STRICT_OBJC_MSGSEND = YES;
				GCC_C_LANGUAGE_STANDARD = gnu11;
				GCC_NO_COMMON_BLOCKS = YES;
				GCC_WARN_64_TO_32_BIT_CONVERSION = YES;
				GCC_WARN_ABOUT_RETURN_TYPE = YES_ERROR;
				GCC_WARN_UNDECLARED_SELECTOR = YES;
				GCC_WARN_UNINITIALIZED_AUTOS = YES_AGGRESSIVE;
				GCC_WARN_UNUSED_FUNCTION = YES;
				GCC_WARN_UNUSED_VARIABLE = YES;
				IPHONEOS_DEPLOYMENT_TARGET = 11.4;
				MTL_ENABLE_DEBUG_INFO = NO;
				SDKROOT = iphoneos;
				SWIFT_COMPILATION_MODE = wholemodule;
				SWIFT_OPTIMIZATION_LEVEL = "-O";
				VALIDATE_PRODUCT = YES;
			};
			name = Release;
		};
		3638B18422710AFE00D8A582 /* Debug */ = {
			isa = XCBuildConfiguration;
			buildSettings = {
				ASSETCATALOG_COMPILER_APPICON_NAME = AppIcon;
				CODE_SIGN_STYLE = Automatic;
				DEVELOPMENT_TEAM = 9F3ED5X4UJ;
				INFOPLIST_FILE = Trolldrop/Info.plist;
				IPHONEOS_DEPLOYMENT_TARGET = 11.0;
				LD_RUNPATH_SEARCH_PATHS = (
					"$(inherited)",
					"@executable_path/Frameworks",
					/usr/lib/libswift/4.1.2,
				);
				PRODUCT_BUNDLE_IDENTIFIER = me.midnightchips.Trolldrop;
				PRODUCT_NAME = "$(TARGET_NAME)";
				SWIFT_VERSION = 4.0;
				TARGETED_DEVICE_FAMILY = "1,2";
			};
			name = Debug;
		};
		3638B18522710AFE00D8A582 /* Release */ = {
			isa = XCBuildConfiguration;
			buildSettings = {
				ASSETCATALOG_COMPILER_APPICON_NAME = AppIcon;
				CODE_SIGN_STYLE = Automatic;
				DEVELOPMENT_TEAM = 9F3ED5X4UJ;
				INFOPLIST_FILE = Trolldrop/Info.plist;
				IPHONEOS_DEPLOYMENT_TARGET = 11.0;
				LD_RUNPATH_SEARCH_PATHS = (
					"$(inherited)",
					"@executable_path/Frameworks",
					/usr/lib/libswift/4.1.2,
				);
				PRODUCT_BUNDLE_IDENTIFIER = me.midnightchips.Trolldrop;
				PRODUCT_NAME = "$(TARGET_NAME)";
				SWIFT_VERSION = 4.0;
				TARGETED_DEVICE_FAMILY = "1,2";
			};
			name = Release;
		};
/* End XCBuildConfiguration section */

/* Begin XCConfigurationList section */
		3638B16C22710AFE00D8A582 /* Build configuration list for PBXProject "Trolldrop" */ = {
			isa = XCConfigurationList;
			buildConfigurations = (
				3638B18122710AFE00D8A582 /* Debug */,
				3638B18222710AFE00D8A582 /* Release */,
			);
			defaultConfigurationIsVisible = 0;
			defaultConfigurationName = Release;
		};
		3638B18322710AFE00D8A582 /* Build configuration list for PBXNativeTarget "Trolldrop" */ = {
			isa = XCConfigurationList;
			buildConfigurations = (
				3638B18422710AFE00D8A582 /* Debug */,
				3638B18522710AFE00D8A582 /* Release */,
			);
			defaultConfigurationIsVisible = 0;
			defaultConfigurationName = Release;
		};
/* End XCConfigurationList section */
	};
	rootObject = 3638B16922710AFE00D8A582 /* Project object */;
}
